{
    "_meta": {
        "hash": {
            "sha256": "266263a71ac4173aa5f73b0f4ecf9ce74f5a12c52376058390497a554ba1bdac"
        },
        "requires": {},
        "sources": [
            {
                "url": "https://pypi.python.org/simple",
                "verify_ssl": true
            }
        ]
    },
    "default": {
        "click": {
            "version": "==6.7"
        },
        "exchangelib": {
            "git": "https://github.com/ecederstrand/exchangelib.git"
        },
        "python-dotenv": {
            "version": "==0.6.5"
        }
    },
    "develop": {
        "astroid": {
            "version": "==1.5.3"
        },
        "isort": {
            "version": "==4.2.15"
        },
        "lazy-object-proxy": {
            "version": "==1.3.1"
        },
        "mccabe": {
            "version": "==0.6.1"
        },
        "pylint": {
            "version": "==1.7.2"
        },
        "six": {
            "version": "==1.10.0"
        },
        "wrapt": {
            "version": "==1.10.11"
        }
    }
}
