{
    "_meta": {
        "hash": {
            "sha256": "036242453b0254ed620eeafe89b9e054865b77ce3f0bc7814ec5ce41441ba44a"
        },
        "requires": {},
        "sources": [
            {
                "url": "https://pypi.python.org/simple",
                "verify_ssl": true
            }
        ]
    },
    "default": {
        "appdirs": {
            "version": "==1.4.3"
        },
        "click": {
            "version": "==6.7"
        },
        "exchangelib": {
            "git": "https://github.com/ecederstrand/exchangelib.git"
        },
        "flask": {
            "version": "==0.12.2"
        },
        "itsdangerous": {
            "version": "==0.24"
        },
        "jinja2": {
            "version": "==2.9.6"
        },
        "markupsafe": {
            "version": "==1.0"
        },
        "python-dotenv": {
            "version": "==0.6.5"
        },
        "werkzeug": {
            "version": "==0.12.2"
        }
    },
    "develop": {
        "astroid": {
            "version": "==1.5.3"
        },
        "isort": {
            "version": "==4.2.15"
        },
        "lazy-object-proxy": {
            "version": "==1.3.1"
        },
        "mccabe": {
            "version": "==0.6.1"
        },
        "pylint": {
            "version": "==1.7.2"
        },
        "six": {
            "version": "==1.10.0"
        },
        "wrapt": {
            "version": "==1.10.11"
        }
    }
}
